
Microsoft Visual Studio Solution File, Format Version 12.00
# Visual Studio 15
VisualStudioVersion = 15.0.27130.2027
MinimumVisualStudioVersion = 10.0.40219.1
Project("{FAE04EC0-301F-11D3-BF4B-00C04F79EFBC}") = "TiSD_4", "TiSD_4\TiSD_4.csproj", "{FE896D60-7328-42C9-9619-1BF2474CBA88}"
EndProject
Global
	GlobalSection(SolutionConfigurationPlatforms) = preSolution
		Debug|Any CPU = Debug|Any CPU
		Release|Any CPU = Release|Any CPU
	EndGlobalSection
	GlobalSection(ProjectConfigurationPlatforms) = postSolution
		{FE896D60-7328-42C9-9619-1BF2474CBA88}.Debug|Any CPU.ActiveCfg = Debug|Any CPU
		{FE896D60-7328-42C9-9619-1BF2474CBA88}.Debug|Any CPU.Build.0 = Debug|Any CPU
		{FE896D60-7328-42C9-9619-1BF2474CBA88}.Release|Any CPU.ActiveCfg = Release|Any CPU
		{FE896D60-7328-42C9-9619-1BF2474CBA88}.Release|Any CPU.Build.0 = Release|Any CPU
	EndGlobalSection
	GlobalSection(SolutionProperties) = preSolution
		HideSolutionNode = FALSE
	EndGlobalSection
	GlobalSection(ExtensibilityGlobals) = postSolution
		SolutionGuid = {D8000FBD-18CC-4CCC-9E77-F1C85DD1A426}
	EndGlobalSection
EndGlobal
